
Microsoft Visual Studio Solution File, Format Version 12.00
# Visual Studio Version 16
VisualStudioVersion = 16.0.31112.23
MinimumVisualStudioVersion = 10.0.40219.1
Project("{FAE04EC0-301F-11D3-BF4B-00C04F79EFBC}") = "Launcher LITE", "Launcher LITE.csproj", "{A8E6EE93-BF69-4E91-A2A7-7B14E93021E2}"
EndProject
Global
	GlobalSection(SolutionConfigurationPlatforms) = preSolution
		Debug|Any CPU = Debug|Any CPU
		Release|Any CPU = Release|Any CPU
	EndGlobalSection
	GlobalSection(ProjectConfigurationPlatforms) = postSolution
		{A8E6EE93-BF69-4E91-A2A7-7B14E93021E2}.Debug|Any CPU.ActiveCfg = Debug|Any CPU
		{A8E6EE93-BF69-4E91-A2A7-7B14E93021E2}.Debug|Any CPU.Build.0 = Debug|Any CPU
		{A8E6EE93-BF69-4E91-A2A7-7B14E93021E2}.Release|Any CPU.ActiveCfg = Release|Any CPU
		{A8E6EE93-BF69-4E91-A2A7-7B14E93021E2}.Release|Any CPU.Build.0 = Release|Any CPU
	EndGlobalSection
	GlobalSection(SolutionProperties) = preSolution
		HideSolutionNode = FALSE
	EndGlobalSection
	GlobalSection(ExtensibilityGlobals) = postSolution
		SolutionGuid = {5A111444-A3F6-409D-9F73-7541DA1F93B9}
	EndGlobalSection
EndGlobal
